dependencies:
- name: database
  repository: file://./charts/database
  version: 0.1.0
- name: TIM-database
  repository: file://./charts/TIM-database
  version: 0.1.0
- name: resql
  repository: file://./charts/Resql
  version: 0.1.0
- name: ruuter-public
  repository: file://./charts/Ruuter-Public
  version: 0.1.0
- name: ruuter-private
  repository: file://./charts/Ruuter-Private
  version: 0.1.0
- name: data-mapper
  repository: file://./charts/DataMapper
  version: 0.1.0
- name: TIM
  repository: file://./charts/TIM
  version: 0.1.0
- name: Authentication-Layer
  repository: file://./charts/Authentication-Layer
  version: 0.1.0
- name: CronManager
  repository: file://./charts/CronManager
  version: 0.1.0
- name: GUI
  repository: file://./charts/GUI
  version: 0.1.0
- name: Loki
  repository: file://./charts/Loki
  version: 0.1.0
- name: Grafana
  repository: file://./charts/Grafana
  version: 0.1.0
- name: S3-Ferry
  repository: file://./charts/S3-Ferry
  version: 0.1.0
- name: minio
  repository: file://./charts/minio
  version: 0.1.0
- name: Redis
  repository: file://./charts/Redis
  version: 0.1.0
- name: Qdrant
  repository: file://./charts/Qdrant
  version: 0.1.0
- name: ClickHouse
  repository: file://./charts/ClickHouse
  version: 0.1.0
- name: Langfuse-Web
  repository: file://./charts/Langfuse-Web
  version: 0.1.0
- name: Langfuse-Worker
  repository: file://./charts/Langfuse-Worker
  version: 0.1.0
- name: Vault
  repository: file://./charts/Vault
  version: 0.1.0
- name: Vault-Init
  repository: file://./charts/Vault-Init
  version: 0.1.0
- name: Vault-Agent-LLM
  repository: file://./charts/Vault-Agent-LLM
  version: 0.1.0
- name: LLM-Orchestration-Service
  repository: file://./charts/LLM-Orchestration-Service
  version: 0.1.0
- name: Liquibase
  repository: file://./charts/Liquibase
  version: 0.1.0
digest: sha256:ebf9bd6c7a999f2ab58598fdfff371579d6c7ca17d35e87fc8200668c2ae493e
generated: "2025-12-02T13:11:13.8392479+05:30"
